{
    "_meta": {
        "hash": {
            "sha256": "7a5e38e75952b074499397613bd998317fc49f063b0f58fc3211c5becc7bab14"
        },
        "pipfile-spec": 6,
        "requires": {},
        "sources": [
            {
                "name": "pypi",
                "url": "https://pypi.python.org/simple",
                "verify_ssl": true
            }
        ]
    },
    "default": {
        "apipkg": {
            "hashes": [
                "sha256:37228cda29411948b422fae072f57e31d3396d2ee1c9783775980ee9c9990af6",
                "sha256:58587dd4dc3daefad0487f6d9ae32b4542b185e1c36db6993290e7c41ca2b47c"
            ],
            "version": "==1.5"
        },
        "atomicwrites": {
            "hashes": [
                "sha256:240831ea22da9ab882b551b31d4225591e5e447a68c5e188db5b89ca1d487585",
                "sha256:a24da68318b08ac9c9c45029f4a10371ab5b20e4226738e150e6e7c571630ae6"
            ],
            "version": "==1.1.5"
        },
        "attrs": {
            "hashes": [
                "sha256:4b90b09eeeb9b88c35bc642cbac057e45a5fd85367b985bd2809c62b7b939265",
                "sha256:e0d0eb91441a3b53dab4d9b743eafc1ac44476296a2053b6ca3af0b139faf87b"
            ],
            "version": "==18.1.0"
        },
        "certifi": {
            "hashes": [
                "sha256:13e698f54293db9f89122b0581843a782ad0934a4fe0172d2a980ba77fc61bb7",
                "sha256:9fa520c1bacfb634fa7af20a76bcbd3d5fb390481724c597da32c719a7dca4b0"
            ],
            "version": "==2018.4.16"
        },
        "cffi": {
            "hashes": [
                "sha256:151b7eefd035c56b2b2e1eb9963c90c6302dc15fbd8c1c0a83a163ff2c7d7743",
                "sha256:1553d1e99f035ace1c0544050622b7bc963374a00c467edafac50ad7bd276aef",
                "sha256:1b0493c091a1898f1136e3f4f991a784437fac3673780ff9de3bcf46c80b6b50",
                "sha256:2ba8a45822b7aee805ab49abfe7eec16b90587f7f26df20c71dd89e45a97076f",
                "sha256:3bb6bd7266598f318063e584378b8e27c67de998a43362e8fce664c54ee52d30",
                "sha256:3c85641778460581c42924384f5e68076d724ceac0f267d66c757f7535069c93",
                "sha256:3eb6434197633b7748cea30bf0ba9f66727cdce45117a712b29a443943733257",
                "sha256:495c5c2d43bf6cebe0178eb3e88f9c4aa48d8934aa6e3cddb865c058da76756b",
                "sha256:4c91af6e967c2015729d3e69c2e51d92f9898c330d6a851bf8f121236f3defd3",
                "sha256:57b2533356cb2d8fac1555815929f7f5f14d68ac77b085d2326b571310f34f6e",
                "sha256:770f3782b31f50b68627e22f91cb182c48c47c02eb405fd689472aa7b7aa16dc",
                "sha256:79f9b6f7c46ae1f8ded75f68cf8ad50e5729ed4d590c74840471fc2823457d04",
                "sha256:7a33145e04d44ce95bcd71e522b478d282ad0eafaf34fe1ec5bbd73e662f22b6",
                "sha256:857959354ae3a6fa3da6651b966d13b0a8bed6bbc87a0de7b38a549db1d2a359",
                "sha256:87f37fe5130574ff76c17cab61e7d2538a16f843bb7bca8ebbc4b12de3078596",
                "sha256:95d5251e4b5ca00061f9d9f3d6fe537247e145a8524ae9fd30a2f8fbce993b5b",
                "sha256:9d1d3e63a4afdc29bd76ce6aa9d58c771cd1599fbba8cf5057e7860b203710dd",
                "sha256:a36c5c154f9d42ec176e6e620cb0dd275744aa1d804786a71ac37dc3661a5e95",
                "sha256:a6a5cb8809091ec9ac03edde9304b3ad82ad4466333432b16d78ef40e0cce0d5",
                "sha256:ae5e35a2c189d397b91034642cb0eab0e346f776ec2eb44a49a459e6615d6e2e",
                "sha256:b0f7d4a3df8f06cf49f9f121bead236e328074de6449866515cea4907bbc63d6",
                "sha256:b75110fb114fa366b29a027d0c9be3709579602ae111ff61674d28c93606acca",
                "sha256:ba5e697569f84b13640c9e193170e89c13c6244c24400fc57e88724ef610cd31",
                "sha256:be2a9b390f77fd7676d80bc3cdc4f8edb940d8c198ed2d8c0be1319018c778e1",
                "sha256:ca1bd81f40adc59011f58159e4aa6445fc585a32bb8ac9badf7a2c1aa23822f2",
                "sha256:d5d8555d9bfc3f02385c1c37e9f998e2011f0db4f90e250e5bc0c0a85a813085",
                "sha256:e55e22ac0a30023426564b1059b035973ec82186ddddbac867078435801c7801",
                "sha256:e90f17980e6ab0f3c2f3730e56d1fe9bcba1891eeea58966e89d352492cc74f4",
                "sha256:ecbb7b01409e9b782df5ded849c178a0aa7c906cf8c5a67368047daab282b184",
                "sha256:ed01918d545a38998bfa5902c7c00e0fee90e957ce036a4000a88e3fe2264917",
                "sha256:edabd457cd23a02965166026fd9bfd196f4324fe6032e866d0f3bd0301cd486f",
                "sha256:fdf1c1dc5bafc32bc5d08b054f94d659422b05aba244d6be4ddc1c72d9aa70fb"
            ],
            "version": "==1.11.5"
        },
        "chardet": {
            "hashes": [
                "sha256:84ab92ed1c4d4f16916e05906b6b75a6c0fb5db821cc65e70cbd64a3e2a5eaae",
                "sha256:fc323ffcaeaed0e0a02bf4d117757b98aed530d9ed4531e3e15460124c106691"
            ],
            "version": "==3.0.4"
        },
        "docker": {
            "hashes": [
                "sha256:4a1083656c6ac7615c19094d9b5e052f36e38d0b07e63d7e506c9b5b32c3abe2",
                "sha256:8c059f53579592f99187ade4e8d57b4bd58886847f2fd9a333fb394a1e080bd3"
            ],
            "index": "pypi",
            "version": "==3.0.0"
        },
        "docker-pycreds": {
            "hashes": [
                "sha256:0a941b290764ea7286bd77f54c0ace43b86a8acd6eb9ead3de9840af52384079",
                "sha256:8b0e956c8d206f832b06aa93a710ba2c3bcbacb5a314449c040b0b814355bbff"
            ],
            "version": "==0.3.0"
        },
        "ecdsa": {
            "hashes": [
                "sha256:40d002cf360d0e035cf2cb985e1308d41aaa087cbfc135b2dc2d844296ea546c",
                "sha256:64cf1ee26d1cde3c73c6d7d107f835fed7c6a2904aef9eac223d57ad800c43fa"
            ],
            "index": "pypi",
            "version": "==0.13"
        },
        "execnet": {
            "hashes": [
                "sha256:a7a84d5fa07a089186a329528f127c9d73b9de57f1a1131b82bb5320ee651f6a",
                "sha256:fc155a6b553c66c838d1a22dba1dc9f5f505c43285a878c6f74a79c024750b83"
            ],
            "version": "==1.5.0"
        },
        "idna": {
            "hashes": [
                "sha256:156a6814fb5ac1fc6850fb002e0852d56c0c8d2531923a51032d1b70760e186e",
                "sha256:684a38a6f903c1d71d6d5fac066b58d7768af4de2b832e426ec79c30daa94a16"
            ],
            "version": "==2.7"
        },
        "mccabe": {
            "hashes": [
                "sha256:ab8a6258860da4b6677da4bd2fe5dc2c659cff31b3ee4f7f5d64e79735b80d42",
                "sha256:dd8d182285a0fe56bace7f45b5e7d1a6ebcbf524e8f3bd87eb0f125271b8831f"
            ],
            "version": "==0.6.1"
        },
        "more-itertools": {
            "hashes": [
                "sha256:c187a73da93e7a8acc0001572aebc7e3c69daf7bf6881a2cea10650bd4420092",
                "sha256:c476b5d3a34e12d40130bc2f935028b5f636df8f372dc2c1c01dc19681b2039e",
                "sha256:fcbfeaea0be121980e15bc97b3817b5202ca73d0eae185b4550cbfce2a3ebb3d"
            ],
            "version": "==4.3.0"
        },
        "pathlib2": {
            "hashes": [
                "sha256:8eb170f8d0d61825e09a95b38be068299ddeda82f35e96c3301a8a5e7604cb83",
                "sha256:d1aa2a11ba7b8f7b21ab852b1fb5afb277e1bb99d5dfc663380b5015c0d80c5a"
            ],
            "markers": "python_version < '3.6'",
            "version": "==2.3.2"
        },
        "pep8": {
            "hashes": [
                "sha256:b22cfae5db09833bb9bd7c8463b53e1a9c9b39f12e304a8d0bba729c501827ee",
                "sha256:fe249b52e20498e59e0b5c5256aa52ee99fc295b26ec9eaa85776ffdb9fe6374"
            ],
            "version": "==1.7.1"
        },
        "pluggy": {
            "hashes": [
                "sha256:6e3836e39f4d36ae72840833db137f7b7d35105079aee6ec4a62d9f80d594dd1",
                "sha256:95eb8364a4708392bae89035f45341871286a333f749c3141c20573d2b3876e1"
            ],
            "version": "==0.7.1"
        },
        "py": {
            "hashes": [
                "sha256:3fd59af7435864e1a243790d322d763925431213b6b8529c6ca71081ace3bbf7",
                "sha256:e31fb2767eb657cbde86c454f02e99cb846d3cd9d61b318525140214fdc0e98e"
            ],
            "version": "==1.5.4"
        },
        "pycodestyle": {
            "hashes": [
                "sha256:74abc4e221d393ea5ce1f129ea6903209940c1ecd29e002e8c6933c2b21026e0",
                "sha256:cbc619d09254895b0d12c2c691e237b2e91e9b2ecf5e84c26b35400f93dcfb83",
                "sha256:cbfca99bd594a10f674d0cd97a3d802a1fdef635d4361e1a2658de47ed261e3a"
            ],
            "version": "==2.4.0"
        },
        "pycparser": {
            "hashes": [
                "sha256:99a8ca03e29851d96616ad0404b4aad7d9ee16f25c9f9708a11faf2810f7b226"
            ],
            "version": "==2.18"
        },
        "pycrypto": {
            "hashes": [
                "sha256:f2ce1e989b272cfcb677616763e0a2e7ec659effa67a88aa92b3a65528f60a3c"
            ],
            "index": "pypi",
            "version": "==2.6.1"
        },
        "pydocstyle": {
            "hashes": [
                "sha256:08a870edc94508264ed90510db466c6357c7192e0e866561d740624a8fc7d90c",
                "sha256:4d5bcde961107873bae621f3d580c3e35a426d3687ffc6f8fb356f6628da5a97",
                "sha256:af9fcccb303899b83bec82dc9a1d56c60fc369973223a5e80c3dfa9bdf984405"
            ],
            "version": "==2.1.1"
        },
        "pyflakes": {
            "hashes": [
                "sha256:9a7662ec724d0120012f6e29d6248ae3727d821bba522a0e6b356eff19126a49",
                "sha256:f661252913bc1dbe7fcfcbf0af0db3f42ab65aabd1a6ca68fe5d466bace94dae"
            ],
            "version": "==2.0.0"
        },
        "pylama": {
            "hashes": [
                "sha256:390c1dab1daebdf3d6acc923e551b035c3faa77d8b96b98530c230493f9ec712",
                "sha256:a3670459e7855529e2ccd3959e0bdebd694ac62bcdc7c58a877f3456c0a2058b"
            ],
            "index": "pypi",
            "version": "==7.4.3"
        },
        "pytest": {
            "hashes": [
                "sha256:86a8dbf407e437351cef4dba46736e9c5a6e3c3ac71b2e942209748e76ff2086",
                "sha256:e74466e97ac14582a8188ff4c53e6cc3810315f342f6096899332ae864c1d432"
            ],
            "index": "pypi",
            "version": "==3.7.1"
        },
        "pytest-cache": {
            "hashes": [
                "sha256:be7468edd4d3d83f1e844959fd6e3fd28e77a481440a7118d430130ea31b07a9"
            ],
            "version": "==1.0"
        },
        "pytest-pep8": {
            "hashes": [
                "sha256:032ef7e5fa3ac30f4458c73e05bb67b0f036a8a5cb418a534b3170f89f120318"
            ],
            "index": "pypi",
            "version": "==1.0.6"
        },
        "pytest-timeout": {
            "hashes": [
                "sha256:4b261bec5782b603c98b4bb803484bc96bf1cdcb5480dae0999d21c7e0423a23",
                "sha256:9c8320867e9f06c4d088871f60660a61d64b325dc5fce6db0b5160dede5e7b9a"
            ],
            "index": "pypi",
            "version": "==1.3.1"
        },
        "pytz": {
            "hashes": [
                "sha256:a061aa0a9e06881eb8b3b2b43f05b9439d6583c206d0a6c340ff72a7b6669053",
                "sha256:ffb9ef1de172603304d9d2819af6f5ece76f2e85ec10692a524dd876e72bf277"
            ],
            "index": "pypi",
            "version": "==2018.5"
        },
        "requests": {
            "hashes": [
                "sha256:63b52e3c866428a224f97cab011de738c36aec0185aa91cfacd418b5d58911d1",
                "sha256:ec22d826a36ed72a7358ff3fe56cbd4ba69dd7a6718ffd450ff0e9df7a47ce6a"
            ],
            "version": "==2.19.1"
        },
        "scrypt": {
            "hashes": [
                "sha256:136f7d1caf596c5ee1fc7eab223605e956c3f61f77090fd9ea4e3e57a2040b78",
                "sha256:3422d11652cd12550540675e9fb54a1de6d60f3cbfedfb067284ef028589e2ee",
                "sha256:4333b67f190e5eaddc8800aefe33abd7e81b589bbe84a84be66872a4955dad6e",
                "sha256:4e3cd639cc83e3f2c2241a01ebef9487c48b1ddf2d78f430d82d8f9ef60c6271",
                "sha256:59a03822df232a30246b59a3801292a350d19fa636f11ea86df2214f35dade22",
                "sha256:60e8c96a287ab892d9c7e1523d157ccfbdbe66da0c31738c8ed5732c2eea6a23",
                "sha256:6109a4df8c88f851df18a1a451e533dcc47e17cfe0e4561f4e08a82669ddc942",
                "sha256:7e3be5fe70f74a01a83c60da0b010b2fe6c3d3a11b8a1c9532b583c9a440d529",
                "sha256:a11f408ffcf7bd9867c4a6e3f5f0782f5f5ba53da375dc0400855b200070376b",
                "sha256:ae2fd88756fb4d98ccc5e2639af55eeb80863b3f9f6e0f539e5ce050964cdd5e",
                "sha256:aeab005a8ae43a6e5d0165ce433a15955b151045d2bbfc52a8c96f100f825323",
                "sha256:bb141584fa0ebdfb8a2a1fc7ddcf119ee18b1b9cd0fb3e4df9615760648b9d49",
                "sha256:c0f90cabb8f6eaec05de5ce9aa9a9b67dc63d644e6b803beb1c43ae9b9452b65",
                "sha256:c10758dcad897e20de93100a2c908746c4b4955d00fca2ac3d6aa83abc92f804",
                "sha256:c37a1f8440d7c621d9f23f3c1f2a28848bc50fefbca581fd7a1b01583a083c07",
                "sha256:c8909a2089fd1199781aa7ce2cb66b8866d40a9f9e1fba082e067ed9524d87e9",
                "sha256:d4a5a4f53450b8ef629bbf1ee4be6105c69936e49b3d8bc621ac2287f0c86020",
                "sha256:dc9abe69799ca423b938a06ddc33e5873e493ffcd68dbb9ba48396979b210d39"
            ],
            "index": "pypi",
            "version": "==0.8.0"
        },
        "secp256k1": {
            "hashes": [
                "sha256:29521dda0f3ad51afc26141d9a564b40bb39e84d27046164c502774b22ea2f9c",
                "sha256:2ad20bb8553425be795ecaf6641a510470701fa6a7aa9c54395d3989c070ab4c",
                "sha256:5cded8e5d241dd92f6e55fd7462ff74e4edcbe97850b7bf4378cc56e48e446d7",
                "sha256:a3b43e02d321c09eafa769a6fc2c156f555cab3a7db62175ef2fd21e16cdf20c",
                "sha256:a598f2223ed3bf55bb7e317c5ebd1a316b3b4d65db26de32554bb84adf026eae",
                "sha256:a755c85947b70c69cf318412bfd12889863e70ddf76b588701835a4da5322d55",
                "sha256:df29091e6ac74bb0683a44d57411bd59c6c99d04d79ef4e396e4a67d91f6bd65",
                "sha256:e86eab58d0c2e93c08483c8a8546fe54ade8150ff4a1f320417d647635cb133b",
                "sha256:e9842fdc3b24c3174f49794d93b10b2013aa7b5d7029d12989458482c95ee56a"
            ],
            "index": "pypi",
            "version": "==0.13.2"
        },
        "six": {
            "hashes": [
                "sha256:70e8a77beed4562e7f14fe23a786b54f6296e34344c23bc42f07b15018ff98e9",
                "sha256:832dc0e10feb1aa2c68dcc57dbb658f1c7e65b9b61af69048abc87a2db00a0eb"
            ],
            "version": "==1.11.0"
        },
        "snowballstemmer": {
            "hashes": [
                "sha256:919f26a68b2c17a7634da993d91339e288964f93c274f1343e3bbbe2096e1128",
                "sha256:9f3bcd3c401c3e862ec0ebe6d2c069ebc012ce142cce209c098ccb5b09136e89"
            ],
            "version": "==1.2.1"
        },
        "urllib3": {
            "hashes": [
                "sha256:a68ac5e15e76e7e5dd2b8f94007233e01effe3e50e8daddf69acfd81cb686baf",
                "sha256:b5725a0bd4ba422ab0e66e89e030c806576753ea3ee08554382c14e685d117b5"
            ],
            "version": "==1.23"
        },
        "websocket-client": {
            "hashes": [
                "sha256:18f1170e6a1b5463986739d9fd45c4308b0d025c1b2f9b88788d8f69e8a5eb4a",
                "sha256:db70953ae4a064698b27ae56dcad84d0ee68b7b43cb40940f537738f38f510c1"
            ],
            "index": "pypi",
            "version": "==0.48.0"
        }
    },
    "develop": {}
}
